{
  "requires": true,
  "lockfileVersion": 1,
  "dependencies": {
    "@angular/flex-layout": {
      "version": "11.0.0-beta.33",
      "resolved": "https://registry.npmjs.org/@angular/flex-layout/-/flex-layout-11.0.0-beta.33.tgz",
      "integrity": "sha512-unfhw3abZuKtdwQicRStHCYGbANPTHYg4WNRQk/RC5Mxq+4WOp4Q8HI7GqRHCGUYDCGUP7w1sU/oDt8f09nM8w==",
      "requires": {
        "tslib": "^2.0.0"
      }
    },
    "tslib": {
      "version": "2.0.3",
      "resolved": "https://registry.npmjs.org/tslib/-/tslib-2.0.3.tgz",
      "integrity": "sha512-uZtkfKblCEQtZKBF6EBXVZeQNl82yqtDQdv+eck8u7tdPxjLu2/lp5/uPW+um2tpuxINHWy3GhiccY7QgEaVHQ=="
    }
  }
}
